{
    "hash": "72779530fe020e0011802462cba50f6e",
    "packages": [
        {
            "name": "symfony/console",
            "version": "dev-master",
            "target-dir": "Symfony/Component/Console",
            "source": {
                "type": "git",
                "url": "https://github.com/symfony/Console",
                "reference": "0be8fcc7be5529db08278d21ebc6c51f8216144a"
            },
            "dist": {
                "type": "zip",
                "url": "https://github.com/symfony/Console/zipball/0be8fcc7be5529db08278d21ebc6c51f8216144a",
                "reference": "0be8fcc7be5529db08278d21ebc6c51f8216144a",
                "shasum": ""
            },
            "require": {
                "php": ">=5.3.3"
            },
            "time": "1348209299",
            "type": "library",
            "extra": {
                "branch-alias": {
                    "dev-master": "2.2-dev"
                }
            },
            "installation-source": "source",
            "autoload": {
                "psr-0": {
                    "Symfony\\Component\\Console": ""
                }
            },
            "license": [
                "MIT"
            ],
            "authors": [
                {
                    "name": "Fabien Potencier",
                    "email": "fabien@symfony.com"
                },
                {
                    "name": "Symfony Community",
                    "homepage": "http://symfony.com/contributors"
                }
            ],
            "description": "Symfony Console Component",
            "homepage": "http://symfony.com"
        }
    ],
    "packages-dev": null,
    "aliases": [

    ],
    "minimum-stability": "dev",
    "stability-flags": {
        "symfony/console": 20
    }
}
