{
    "hash": "450ededdcfd1b07b873d028288c46cd8",
    "packages": [
        {
            "name": "symfony/console",
            "version": "dev-master",
            "target-dir": "Symfony/Component/Console",
            "source": {
                "type": "git",
                "url": "https://github.com/symfony/Console",
                "reference": "01a84f8e0549424fd742baa5c0abfbc656e1864b"
            },
            "dist": {
                "type": "zip",
                "url": "https://github.com/symfony/Console/zipball/01a84f8e0549424fd742baa5c0abfbc656e1864b",
                "reference": "01a84f8e0549424fd742baa5c0abfbc656e1864b",
                "shasum": ""
            },
            "require": {
                "php": ">=5.3.3"
            },
            "time": "1348854729",
            "type": "library",
            "extra": {
                "branch-alias": {
                    "dev-master": "2.2-dev"
                }
            },
            "installation-source": "source",
            "autoload": {
                "psr-0": {
                    "Symfony\\Component\\Console\\": ""
                }
            },
            "license": [
                "MIT"
            ],
            "authors": [
                {
                    "name": "Fabien Potencier",
                    "email": "fabien@symfony.com"
                },
                {
                    "name": "Symfony Community",
                    "homepage": "http://symfony.com/contributors"
                }
            ],
            "description": "Symfony Console Component",
            "homepage": "http://symfony.com"
        }
    ],
    "packages-dev": null,
    "aliases": [

    ],
    "minimum-stability": "dev",
    "stability-flags": {
        "symfony/console": 20
    }
}
